
Microsoft Visual Studio Solution File, Format Version 12.00
# Visual Studio Version 16
VisualStudioVersion = 16.0.31911.196
MinimumVisualStudioVersion = 10.0.40219.1
Project("{FAE04EC0-301F-11D3-BF4B-00C04F79EFBC}") = "RAMCalc", "RAMCalc\RAMCalc.csproj", "{69BD61D8-CC4A-456E-A89C-8AA32F79DD90}"
EndProject
Global
	GlobalSection(SolutionConfigurationPlatforms) = preSolution
		Debug|Any CPU = Debug|Any CPU
		Release|Any CPU = Release|Any CPU
	EndGlobalSection
	GlobalSection(ProjectConfigurationPlatforms) = postSolution
		{69BD61D8-CC4A-456E-A89C-8AA32F79DD90}.Debug|Any CPU.ActiveCfg = Debug|Any CPU
		{69BD61D8-CC4A-456E-A89C-8AA32F79DD90}.Debug|Any CPU.Build.0 = Debug|Any CPU
		{69BD61D8-CC4A-456E-A89C-8AA32F79DD90}.Release|Any CPU.ActiveCfg = Release|Any CPU
		{69BD61D8-CC4A-456E-A89C-8AA32F79DD90}.Release|Any CPU.Build.0 = Release|Any CPU
	EndGlobalSection
	GlobalSection(SolutionProperties) = preSolution
		HideSolutionNode = FALSE
	EndGlobalSection
	GlobalSection(ExtensibilityGlobals) = postSolution
		SolutionGuid = {8D34C8CA-4330-4E0C-ADA8-BE0617ACA913}
	EndGlobalSection
EndGlobal
